
Microsoft Visual Studio Solution File, Format Version 12.00
# Visual Studio 15
VisualStudioVersion = 15.0.28306.52
MinimumVisualStudioVersion = 10.0.40219.1
Project("{E24C65DC-7377-472B-9ABA-BC803B73C61A}") = "loginUserSite", "loginUserSite\", "{EF87CAA8-03FB-4ECC-8D36-BD42515B75FE}"
	ProjectSection(WebsiteProperties) = preProject
		TargetFrameworkMoniker = ".NETFramework,Version%3Dv4.6.1"
		Debug.AspNetCompiler.VirtualPath = "/localhost_51427"
		Debug.AspNetCompiler.PhysicalPath = "loginUserSite\"
		Debug.AspNetCompiler.TargetPath = "PrecompiledWeb\localhost_51427\"
		Debug.AspNetCompiler.Updateable = "true"
		Debug.AspNetCompiler.ForceOverwrite = "true"
		Debug.AspNetCompiler.FixedNames = "false"
		Debug.AspNetCompiler.Debug = "True"
		Release.AspNetCompiler.VirtualPath = "/localhost_51427"
		Release.AspNetCompiler.PhysicalPath = "loginUserSite\"
		Release.AspNetCompiler.TargetPath = "PrecompiledWeb\localhost_51427\"
		Release.AspNetCompiler.Updateable = "true"
		Release.AspNetCompiler.ForceOverwrite = "true"
		Release.AspNetCompiler.FixedNames = "false"
		Release.AspNetCompiler.Debug = "False"
		VWDPort = "51427"
		SlnRelativePath = "loginUserSite\"
		DefaultWebSiteLanguage = "Visual Basic"
	EndProjectSection
EndProject
Global
	GlobalSection(SolutionConfigurationPlatforms) = preSolution
		Debug|Any CPU = Debug|Any CPU
	EndGlobalSection
	GlobalSection(ProjectConfigurationPlatforms) = postSolution
		{EF87CAA8-03FB-4ECC-8D36-BD42515B75FE}.Debug|Any CPU.ActiveCfg = Debug|Any CPU
		{EF87CAA8-03FB-4ECC-8D36-BD42515B75FE}.Debug|Any CPU.Build.0 = Debug|Any CPU
	EndGlobalSection
	GlobalSection(SolutionProperties) = preSolution
		HideSolutionNode = FALSE
	EndGlobalSection
	GlobalSection(ExtensibilityGlobals) = postSolution
		SolutionGuid = {E9DE2BD1-AE29-477C-93F9-673AEF608076}
	EndGlobalSection
EndGlobal
